{
    "_readme": [
        "This file locks the dependencies of your project to a known state",
        "Read more about it at https://getcomposer.org/doc/01-basic-usage.md#composer-lock-the-lock-file",
        "This file is @generated automatically"
    ],
    "hash": "00587bf4ad571ec58249d567dbda1d19",
    "content-hash": "772aeb05d792d9aa2bb97f5415440fc6",
    "packages": [
        {
            "name": "pingplusplus/pingpp-php",
            "version": "dev-master",
            "source": {
                "type": "git",
                "url": "https://github.com/PingPlusPlus/pingpp-php.git",
                "reference": "bea43f4a21a9b7ee6fe5eaa8e2f488c7c5d7fd66"
            },
            "dist": {
                "type": "zip",
                "url": "https://api.github.com/repos/PingPlusPlus/pingpp-php/zipball/bea43f4a21a9b7ee6fe5eaa8e2f488c7c5d7fd66",
                "reference": "bea43f4a21a9b7ee6fe5eaa8e2f488c7c5d7fd66",
                "shasum": ""
            },
            "require": {
                "ext-curl": "*",
                "ext-json": "*",
                "ext-mbstring": "*",
                "php": ">=5.3.3"
            },
            "type": "library",
            "extra": {
                "branch-alias": []
            },
            "autoload": {
                "psr-4": {
                    "Pingpp\\": "lib/"
                }
            },
            "notification-url": "https://packagist.org/downloads/",
            "license": [
                "MIT"
            ],
            "authors": [
                {
                    "name": "Pingplusplus and contributors",
                    "homepage": "https://github.com/PingPlusPlus/pingpp-php/contributors"
                }
            ],
            "description": "Pingplusplus PHP Library",
            "homepage": "https://pingxx.com/",
            "keywords": [
                "api",
                "mobile payment processing",
                "pingpp"
            ],
            "time": "2016-03-15 07:47:59"
        }
    ],
    "packages-dev": [],
    "aliases": [],
    "minimum-stability": "stable",
    "stability-flags": {
        "pingplusplus/pingpp-php": 20
    },
    "prefer-stable": false,
    "prefer-lowest": false,
    "platform": [],
    "platform-dev": []
}
